
Microsoft Visual Studio Solution File, Format Version 12.00
# Visual Studio Version 17
VisualStudioVersion = 17.5.33424.131
MinimumVisualStudioVersion = 10.0.40219.1
Project("{2150E333-8FDC-42A3-9474-1A3956D46DE8}") = "src", "src", "{370B9101-6C62-4BA0-A5F2-045EB69F3066}"
EndProject
Project("{FAE04EC0-301F-11D3-BF4B-00C04F79EFBC}") = "Application", "Application\Application.csproj", "{1B4953AF-297F-4AAA-A186-4326B86A89D1}"
EndProject
Project("{FAE04EC0-301F-11D3-BF4B-00C04F79EFBC}") = "Domain", "Domain\Domain.csproj", "{83FF9950-0335-47B0-A7D3-C0C7E6371FD2}"
EndProject
Project("{FAE04EC0-301F-11D3-BF4B-00C04F79EFBC}") = "Infrastructure", "Infrastructure\Infrastructure.csproj", "{970EA503-D8EA-482F-8FBA-3BD0C7B1F5D9}"
EndProject
Project("{FAE04EC0-301F-11D3-BF4B-00C04F79EFBC}") = "WebApi", "WebApi\WebApi.csproj", "{C8A2E5F8-E6E2-4DBC-839B-9C03BB027EE6}"
EndProject
Global
	GlobalSection(SolutionConfigurationPlatforms) = preSolution
		Debug|Any CPU = Debug|Any CPU
		Release|Any CPU = Release|Any CPU
	EndGlobalSection
	GlobalSection(ProjectConfigurationPlatforms) = postSolution
		{1B4953AF-297F-4AAA-A186-4326B86A89D1}.Debug|Any CPU.ActiveCfg = Debug|Any CPU
		{1B4953AF-297F-4AAA-A186-4326B86A89D1}.Debug|Any CPU.Build.0 = Debug|Any CPU
		{1B4953AF-297F-4AAA-A186-4326B86A89D1}.Release|Any CPU.ActiveCfg = Release|Any CPU
		{1B4953AF-297F-4AAA-A186-4326B86A89D1}.Release|Any CPU.Build.0 = Release|Any CPU
		{83FF9950-0335-47B0-A7D3-C0C7E6371FD2}.Debug|Any CPU.ActiveCfg = Debug|Any CPU
		{83FF9950-0335-47B0-A7D3-C0C7E6371FD2}.Debug|Any CPU.Build.0 = Debug|Any CPU
		{83FF9950-0335-47B0-A7D3-C0C7E6371FD2}.Release|Any CPU.ActiveCfg = Release|Any CPU
		{83FF9950-0335-47B0-A7D3-C0C7E6371FD2}.Release|Any CPU.Build.0 = Release|Any CPU
		{970EA503-D8EA-482F-8FBA-3BD0C7B1F5D9}.Debug|Any CPU.ActiveCfg = Debug|Any CPU
		{970EA503-D8EA-482F-8FBA-3BD0C7B1F5D9}.Debug|Any CPU.Build.0 = Debug|Any CPU
		{970EA503-D8EA-482F-8FBA-3BD0C7B1F5D9}.Release|Any CPU.ActiveCfg = Release|Any CPU
		{970EA503-D8EA-482F-8FBA-3BD0C7B1F5D9}.Release|Any CPU.Build.0 = Release|Any CPU
		{C8A2E5F8-E6E2-4DBC-839B-9C03BB027EE6}.Debug|Any CPU.ActiveCfg = Debug|Any CPU
		{C8A2E5F8-E6E2-4DBC-839B-9C03BB027EE6}.Debug|Any CPU.Build.0 = Debug|Any CPU
		{C8A2E5F8-E6E2-4DBC-839B-9C03BB027EE6}.Release|Any CPU.ActiveCfg = Release|Any CPU
		{C8A2E5F8-E6E2-4DBC-839B-9C03BB027EE6}.Release|Any CPU.Build.0 = Release|Any CPU
	EndGlobalSection
	GlobalSection(SolutionProperties) = preSolution
		HideSolutionNode = FALSE
	EndGlobalSection
	GlobalSection(NestedProjects) = preSolution
		{1B4953AF-297F-4AAA-A186-4326B86A89D1} = {370B9101-6C62-4BA0-A5F2-045EB69F3066}
		{83FF9950-0335-47B0-A7D3-C0C7E6371FD2} = {370B9101-6C62-4BA0-A5F2-045EB69F3066}
		{970EA503-D8EA-482F-8FBA-3BD0C7B1F5D9} = {370B9101-6C62-4BA0-A5F2-045EB69F3066}
		{C8A2E5F8-E6E2-4DBC-839B-9C03BB027EE6} = {370B9101-6C62-4BA0-A5F2-045EB69F3066}
	EndGlobalSection
	GlobalSection(ExtensibilityGlobals) = postSolution
		SolutionGuid = {AE377893-0826-4726-A1FF-2047D6C399B1}
	EndGlobalSection
EndGlobal
